
Microsoft Visual Studio Solution File, Format Version 12.00
# Visual Studio 15
VisualStudioVersion = 15.0.34320.172
MinimumVisualStudioVersion = 10.0.40219.1
Project("{FAE04EC0-301F-11D3-BF4B-00C04F79EFBC}") = "Lab6-1", "Lab6\Lab6-1.csproj", "{83430B88-8CBA-4509-879E-E66F96479292}"
EndProject
Project("{FAE04EC0-301F-11D3-BF4B-00C04F79EFBC}") = "Lab6-2", "Lab6-2\Lab6-2.csproj", "{66AFEC1A-9DFB-411D-91F8-7152949BE5A3}"
EndProject
Project("{FAE04EC0-301F-11D3-BF4B-00C04F79EFBC}") = "Lab6-3", "Lab6-3\Lab6-3.csproj", "{94210AE0-F7C5-435A-A29A-3ED5F0D3940E}"
EndProject
Global
	GlobalSection(SolutionConfigurationPlatforms) = preSolution
		Debug|Any CPU = Debug|Any CPU
		Release|Any CPU = Release|Any CPU
	EndGlobalSection
	GlobalSection(ProjectConfigurationPlatforms) = postSolution
		{83430B88-8CBA-4509-879E-E66F96479292}.Debug|Any CPU.ActiveCfg = Debug|Any CPU
		{83430B88-8CBA-4509-879E-E66F96479292}.Debug|Any CPU.Build.0 = Debug|Any CPU
		{83430B88-8CBA-4509-879E-E66F96479292}.Release|Any CPU.ActiveCfg = Release|Any CPU
		{83430B88-8CBA-4509-879E-E66F96479292}.Release|Any CPU.Build.0 = Release|Any CPU
		{66AFEC1A-9DFB-411D-91F8-7152949BE5A3}.Debug|Any CPU.ActiveCfg = Debug|Any CPU
		{66AFEC1A-9DFB-411D-91F8-7152949BE5A3}.Debug|Any CPU.Build.0 = Debug|Any CPU
		{66AFEC1A-9DFB-411D-91F8-7152949BE5A3}.Release|Any CPU.ActiveCfg = Release|Any CPU
		{66AFEC1A-9DFB-411D-91F8-7152949BE5A3}.Release|Any CPU.Build.0 = Release|Any CPU
		{94210AE0-F7C5-435A-A29A-3ED5F0D3940E}.Debug|Any CPU.ActiveCfg = Debug|Any CPU
		{94210AE0-F7C5-435A-A29A-3ED5F0D3940E}.Debug|Any CPU.Build.0 = Debug|Any CPU
		{94210AE0-F7C5-435A-A29A-3ED5F0D3940E}.Release|Any CPU.ActiveCfg = Release|Any CPU
		{94210AE0-F7C5-435A-A29A-3ED5F0D3940E}.Release|Any CPU.Build.0 = Release|Any CPU
	EndGlobalSection
	GlobalSection(SolutionProperties) = preSolution
		HideSolutionNode = FALSE
	EndGlobalSection
	GlobalSection(ExtensibilityGlobals) = postSolution
		SolutionGuid = {C2EEC620-918F-47F3-855C-EAA694851874}
	EndGlobalSection
EndGlobal
